// !$*UTF8*$!
{
	archiveVersion = 1;
	classes = {
	};
	objectVersion = 51;
	objects = {

/* Begin PBXBuildFile section */
		CBCAEFB505D771F69D9B1110 /* Pods_SpotifyCopy.framework in Frameworks */ = {isa = PBXBuildFile; fileRef = B2F2E6D18DFF4F52749DF6EA /* Pods_SpotifyCopy.framework */; };
		F40E366225EE74FD0091E032 /* RecommendationsResponse.swift in Sources */ = {isa = PBXBuildFile; fileRef = F40E366125EE74FD0091E032 /* RecommendationsResponse.swift */; };
		F466B10E25DD7835002C315F /* AppDelegate.swift in Sources */ = {isa = PBXBuildFile; fileRef = F466B10D25DD7835002C315F /* AppDelegate.swift */; };
		F466B11025DD7835002C315F /* SceneDelegate.swift in Sources */ = {isa = PBXBuildFile; fileRef = F466B10F25DD7835002C315F /* SceneDelegate.swift */; };
		F466B11225DD7835002C315F /* HomeViewController.swift in Sources */ = {isa = PBXBuildFile; fileRef = F466B11125DD7835002C315F /* HomeViewController.swift */; };
		F466B11725DD7837002C315F /* Assets.xcassets in Resources */ = {isa = PBXBuildFile; fileRef = F466B11625DD7837002C315F /* Assets.xcassets */; };
		F466B11A25DD7837002C315F /* LaunchScreen.storyboard in Resources */ = {isa = PBXBuildFile; fileRef = F466B11825DD7837002C315F /* LaunchScreen.storyboard */; };
		F466B12B25DD7AA3002C315F /* TabBarViewController.swift in Sources */ = {isa = PBXBuildFile; fileRef = F466B12A25DD7AA3002C315F /* TabBarViewController.swift */; };
		F466B12F25DD7AC0002C315F /* SearchViewController.swift in Sources */ = {isa = PBXBuildFile; fileRef = F466B12E25DD7AC0002C315F /* SearchViewController.swift */; };
		F466B13225DD7ACD002C315F /* LibraryViewController.swift in Sources */ = {isa = PBXBuildFile; fileRef = F466B13125DD7ACD002C315F /* LibraryViewController.swift */; };
		F466B13925DD7AEE002C315F /* AuthViewController.swift in Sources */ = {isa = PBXBuildFile; fileRef = F466B13825DD7AEE002C315F /* AuthViewController.swift */; };
		F466B13D25DD7AF7002C315F /* WelcomeViewController.swift in Sources */ = {isa = PBXBuildFile; fileRef = F466B13C25DD7AF7002C315F /* WelcomeViewController.swift */; };
		F466B14025DD7B09002C315F /* SettingViewController.swift in Sources */ = {isa = PBXBuildFile; fileRef = F466B13F25DD7B09002C315F /* SettingViewController.swift */; };
		F466B14325DD7B14002C315F /* ProfileViewController.swift in Sources */ = {isa = PBXBuildFile; fileRef = F466B14225DD7B14002C315F /* ProfileViewController.swift */; };
		F466B14625DD7B1E002C315F /* PlayerViewController.swift in Sources */ = {isa = PBXBuildFile; fileRef = F466B14525DD7B1E002C315F /* PlayerViewController.swift */; };
		F466B14925DD7B30002C315F /* PlaylistViewController.swift in Sources */ = {isa = PBXBuildFile; fileRef = F466B14825DD7B30002C315F /* PlaylistViewController.swift */; };
		F466B14C25DD7B42002C315F /* SearchResultViewController.swift in Sources */ = {isa = PBXBuildFile; fileRef = F466B14B25DD7B42002C315F /* SearchResultViewController.swift */; };
		F466B14F25DD7B5E002C315F /* AuthManager.swift in Sources */ = {isa = PBXBuildFile; fileRef = F466B14E25DD7B5E002C315F /* AuthManager.swift */; };
		F466B15225DD7B6B002C315F /* APICaller.swift in Sources */ = {isa = PBXBuildFile; fileRef = F466B15125DD7B6B002C315F /* APICaller.swift */; };
		F466B15525DD7B79002C315F /* HapticsManager.swift in Sources */ = {isa = PBXBuildFile; fileRef = F466B15425DD7B79002C315F /* HapticsManager.swift */; };
		F466B15825DD7B92002C315F /* Playlist.swift in Sources */ = {isa = PBXBuildFile; fileRef = F466B15725DD7B92002C315F /* Playlist.swift */; };
		F466B15B25DD7BA6002C315F /* AudioTrack.swift in Sources */ = {isa = PBXBuildFile; fileRef = F466B15A25DD7BA6002C315F /* AudioTrack.swift */; };
		F466B15E25DD7BB4002C315F /* Artist.swift in Sources */ = {isa = PBXBuildFile; fileRef = F466B15D25DD7BB4002C315F /* Artist.swift */; };
		F466B16125DD7BBD002C315F /* UserProfile.swift in Sources */ = {isa = PBXBuildFile; fileRef = F466B16025DD7BBD002C315F /* UserProfile.swift */; };
		F466B16425DE9193002C315F /* Extensions.swift in Sources */ = {isa = PBXBuildFile; fileRef = F466B16325DE9193002C315F /* Extensions.swift */; };
		F476E86D25EFC4C60017E097 /* NewReleaseCollectionViewCell.swift in Sources */ = {isa = PBXBuildFile; fileRef = F476E86C25EFC4C60017E097 /* NewReleaseCollectionViewCell.swift */; };
		F476E87025EFC4EE0017E097 /* FeaturedPlaylistCollectionViewCell.swift in Sources */ = {isa = PBXBuildFile; fileRef = F476E86F25EFC4ED0017E097 /* FeaturedPlaylistCollectionViewCell.swift */; };
		F476E87325EFC5020017E097 /* RecommendedTrackCollectionViewCell.swift in Sources */ = {isa = PBXBuildFile; fileRef = F476E87225EFC5020017E097 /* RecommendedTrackCollectionViewCell.swift */; };
		F4BA3FE125DFC69C00B7540D /* AuthResponse.swift in Sources */ = {isa = PBXBuildFile; fileRef = F4BA3FE025DFC69C00B7540D /* AuthResponse.swift */; };
		F4C3F52325E3F07500CD0D62 /* SettingsModels.swift in Sources */ = {isa = PBXBuildFile; fileRef = F4C3F52225E3F07500CD0D62 /* SettingsModels.swift */; };
		F4CFDA1825E9304400B83388 /* NewReleaseResponse.swift in Sources */ = {isa = PBXBuildFile; fileRef = F4CFDA1725E9304400B83388 /* NewReleaseResponse.swift */; };
		F4CFDA1B25E9310C00B83388 /* APIImage.swift in Sources */ = {isa = PBXBuildFile; fileRef = F4CFDA1A25E9310C00B83388 /* APIImage.swift */; };
		F4CFDA1F25EA46C600B83388 /* FeaturedPlaylistsResponse.swift in Sources */ = {isa = PBXBuildFile; fileRef = F4CFDA1E25EA46C600B83388 /* FeaturedPlaylistsResponse.swift */; };
		F4CFDA2225EA50F200B83388 /* RecommendedGenresResponse.swift in Sources */ = {isa = PBXBuildFile; fileRef = F4CFDA2125EA50F200B83388 /* RecommendedGenresResponse.swift */; };
/* End PBXBuildFile section */

/* Begin PBXFileReference section */
		B2F2E6D18DFF4F52749DF6EA /* Pods_SpotifyCopy.framework */ = {isa = PBXFileReference; explicitFileType = wrapper.framework; includeInIndex = 0; path = Pods_SpotifyCopy.framework; sourceTree = BUILT_PRODUCTS_DIR; };
		E056DCB2B1A54F1FABACF479 /* Pods-SpotifyCopy.release.xcconfig */ = {isa = PBXFileReference; includeInIndex = 1; lastKnownFileType = text.xcconfig; name = "Pods-SpotifyCopy.release.xcconfig"; path = "Target Support Files/Pods-SpotifyCopy/Pods-SpotifyCopy.release.xcconfig"; sourceTree = "<group>"; };
		E8218C527D7550CDB3605143 /* Pods-SpotifyCopy.debug.xcconfig */ = {isa = PBXFileReference; includeInIndex = 1; lastKnownFileType = text.xcconfig; name = "Pods-SpotifyCopy.debug.xcconfig"; path = "Target Support Files/Pods-SpotifyCopy/Pods-SpotifyCopy.debug.xcconfig"; sourceTree = "<group>"; };
		F40E366125EE74FD0091E032 /* RecommendationsResponse.swift */ = {isa = PBXFileReference; lastKnownFileType = sourcecode.swift; path = RecommendationsResponse.swift; sourceTree = "<group>"; };
		F466B10A25DD7835002C315F /* SpotifyCopy.app */ = {isa = PBXFileReference; explicitFileType = wrapper.application; includeInIndex = 0; path = SpotifyCopy.app; sourceTree = BUILT_PRODUCTS_DIR; };
		F466B10D25DD7835002C315F /* AppDelegate.swift */ = {isa = PBXFileReference; lastKnownFileType = sourcecode.swift; path = AppDelegate.swift; sourceTree = "<group>"; };
		F466B10F25DD7835002C315F /* SceneDelegate.swift */ = {isa = PBXFileReference; lastKnownFileType = sourcecode.swift; path = SceneDelegate.swift; sourceTree = "<group>"; };
		F466B11125DD7835002C315F /* HomeViewController.swift */ = {isa = PBXFileReference; lastKnownFileType = sourcecode.swift; path = HomeViewController.swift; sourceTree = "<group>"; };
		F466B11625DD7837002C315F /* Assets.xcassets */ = {isa = PBXFileReference; lastKnownFileType = folder.assetcatalog; path = Assets.xcassets; sourceTree = "<group>"; };
		F466B11925DD7837002C315F /* Base */ = {isa = PBXFileReference; lastKnownFileType = file.storyboard; name = Base; path = Base.lproj/LaunchScreen.storyboard; sourceTree = "<group>"; };
		F466B11B25DD7837002C315F /* Info.plist */ = {isa = PBXFileReference; lastKnownFileType = text.plist.xml; path = Info.plist; sourceTree = "<group>"; };
		F466B12A25DD7AA3002C315F /* TabBarViewController.swift */ = {isa = PBXFileReference; lastKnownFileType = sourcecode.swift; path = TabBarViewController.swift; sourceTree = "<group>"; };
		F466B12E25DD7AC0002C315F /* SearchViewController.swift */ = {isa = PBXFileReference; lastKnownFileType = sourcecode.swift; path = SearchViewController.swift; sourceTree = "<group>"; };
		F466B13125DD7ACD002C315F /* LibraryViewController.swift */ = {isa = PBXFileReference; lastKnownFileType = sourcecode.swift; path = LibraryViewController.swift; sourceTree = "<group>"; };
		F466B13825DD7AEE002C315F /* AuthViewController.swift */ = {isa = PBXFileReference; lastKnownFileType = sourcecode.swift; path = AuthViewController.swift; sourceTree = "<group>"; };
		F466B13C25DD7AF7002C315F /* WelcomeViewController.swift */ = {isa = PBXFileReference; lastKnownFileType = sourcecode.swift; path = WelcomeViewController.swift; sourceTree = "<group>"; };
		F466B13F25DD7B09002C315F /* SettingViewController.swift */ = {isa = PBXFileReference; lastKnownFileType = sourcecode.swift; path = SettingViewController.swift; sourceTree = "<group>"; };
		F466B14225DD7B14002C315F /* ProfileViewController.swift */ = {isa = PBXFileReference; lastKnownFileType = sourcecode.swift; path = ProfileViewController.swift; sourceTree = "<group>"; };
		F466B14525DD7B1E002C315F /* PlayerViewController.swift */ = {isa = PBXFileReference; lastKnownFileType = sourcecode.swift; path = PlayerViewController.swift; sourceTree = "<group>"; };
		F466B14825DD7B30002C315F /* PlaylistViewController.swift */ = {isa = PBXFileReference; lastKnownFileType = sourcecode.swift; path = PlaylistViewController.swift; sourceTree = "<group>"; };
		F466B14B25DD7B42002C315F /* SearchResultViewController.swift */ = {isa = PBXFileReference; lastKnownFileType = sourcecode.swift; path = SearchResultViewController.swift; sourceTree = "<group>"; };
		F466B14E25DD7B5E002C315F /* AuthManager.swift */ = {isa = PBXFileReference; lastKnownFileType = sourcecode.swift; path = AuthManager.swift; sourceTree = "<group>"; };
		F466B15125DD7B6B002C315F /* APICaller.swift */ = {isa = PBXFileReference; lastKnownFileType = sourcecode.swift; path = APICaller.swift; sourceTree = "<group>"; };
		F466B15425DD7B79002C315F /* HapticsManager.swift */ = {isa = PBXFileReference; lastKnownFileType = sourcecode.swift; path = HapticsManager.swift; sourceTree = "<group>"; };
		F466B15725DD7B92002C315F /* Playlist.swift */ = {isa = PBXFileReference; lastKnownFileType = sourcecode.swift; path = Playlist.swift; sourceTree = "<group>"; };
		F466B15A25DD7BA6002C315F /* AudioTrack.swift */ = {isa = PBXFileReference; lastKnownFileType = sourcecode.swift; path = AudioTrack.swift; sourceTree = "<group>"; };
		F466B15D25DD7BB4002C315F /* Artist.swift */ = {isa = PBXFileReference; lastKnownFileType = sourcecode.swift; path = Artist.swift; sourceTree = "<group>"; };
		F466B16025DD7BBD002C315F /* UserProfile.swift */ = {isa = PBXFileReference; lastKnownFileType = sourcecode.swift; path = UserProfile.swift; sourceTree = "<group>"; };
		F466B16325DE9193002C315F /* Extensions.swift */ = {isa = PBXFileReference; lastKnownFileType = sourcecode.swift; path = Extensions.swift; sourceTree = "<group>"; };
		F476E86C25EFC4C60017E097 /* NewReleaseCollectionViewCell.swift */ = {isa = PBXFileReference; lastKnownFileType = sourcecode.swift; path = NewReleaseCollectionViewCell.swift; sourceTree = "<group>"; };
		F476E86F25EFC4ED0017E097 /* FeaturedPlaylistCollectionViewCell.swift */ = {isa = PBXFileReference; lastKnownFileType = sourcecode.swift; path = FeaturedPlaylistCollectionViewCell.swift; sourceTree = "<group>"; };
		F476E87225EFC5020017E097 /* RecommendedTrackCollectionViewCell.swift */ = {isa = PBXFileReference; lastKnownFileType = sourcecode.swift; path = RecommendedTrackCollectionViewCell.swift; sourceTree = "<group>"; };
		F4BA3FE025DFC69C00B7540D /* AuthResponse.swift */ = {isa = PBXFileReference; lastKnownFileType = sourcecode.swift; path = AuthResponse.swift; sourceTree = "<group>"; };
		F4C3F52225E3F07500CD0D62 /* SettingsModels.swift */ = {isa = PBXFileReference; lastKnownFileType = sourcecode.swift; path = SettingsModels.swift; sourceTree = "<group>"; };
		F4CFDA1725E9304400B83388 /* NewReleaseResponse.swift */ = {isa = PBXFileReference; lastKnownFileType = sourcecode.swift; path = NewReleaseResponse.swift; sourceTree = "<group>"; };
		F4CFDA1A25E9310C00B83388 /* APIImage.swift */ = {isa = PBXFileReference; lastKnownFileType = sourcecode.swift; path = APIImage.swift; sourceTree = "<group>"; };
		F4CFDA1E25EA46C600B83388 /* FeaturedPlaylistsResponse.swift */ = {isa = PBXFileReference; lastKnownFileType = sourcecode.swift; path = FeaturedPlaylistsResponse.swift; sourceTree = "<group>"; };
		F4CFDA2125EA50F200B83388 /* RecommendedGenresResponse.swift */ = {isa = PBXFileReference; lastKnownFileType = sourcecode.swift; path = RecommendedGenresResponse.swift; sourceTree = "<group>"; };
/* End PBXFileReference section */

/* Begin PBXFrameworksBuildPhase section */
		F466B10725DD7835002C315F /* Frameworks */ = {
			isa = PBXFrameworksBuildPhase;
			buildActionMask = 2147483647;
			files = (
				CBCAEFB505D771F69D9B1110 /* Pods_SpotifyCopy.framework in Frameworks */,
			);
			runOnlyForDeploymentPostprocessing = 0;
		};
/* End PBXFrameworksBuildPhase section */

/* Begin PBXGroup section */
		2C5204FCDC61510207EE5827 /* Pods */ = {
			isa = PBXGroup;
			children = (
				E8218C527D7550CDB3605143 /* Pods-SpotifyCopy.debug.xcconfig */,
				E056DCB2B1A54F1FABACF479 /* Pods-SpotifyCopy.release.xcconfig */,
			);
			path = Pods;
			sourceTree = "<group>";
		};
		A13FB2ECF82A7F12442BA250 /* Frameworks */ = {
			isa = PBXGroup;
			children = (
				B2F2E6D18DFF4F52749DF6EA /* Pods_SpotifyCopy.framework */,
			);
			name = Frameworks;
			sourceTree = "<group>";
		};
		F466B10125DD7835002C315F = {
			isa = PBXGroup;
			children = (
				F466B10C25DD7835002C315F /* SpotifyCopy */,
				F466B10B25DD7835002C315F /* Products */,
				2C5204FCDC61510207EE5827 /* Pods */,
				A13FB2ECF82A7F12442BA250 /* Frameworks */,
			);
			sourceTree = "<group>";
		};
		F466B10B25DD7835002C315F /* Products */ = {
			isa = PBXGroup;
			children = (
				F466B10A25DD7835002C315F /* SpotifyCopy.app */,
			);
			name = Products;
			sourceTree = "<group>";
		};
		F466B10C25DD7835002C315F /* SpotifyCopy */ = {
			isa = PBXGroup;
			children = (
				F466B12725DD78BD002C315F /* Resources */,
				F466B12625DD78B5002C315F /* Managers */,
				F466B12525DD78AE002C315F /* ViewModels */,
				F466B12425DD78AA002C315F /* Models */,
				F466B12325DD78A6002C315F /* Views */,
				F466B12225DD78A0002C315F /* Controllers */,
				F466B11B25DD7837002C315F /* Info.plist */,
			);
			path = SpotifyCopy;
			sourceTree = "<group>";
		};
		F466B12225DD78A0002C315F /* Controllers */ = {
			isa = PBXGroup;
			children = (
				F466B13725DD7ADB002C315F /* Other */,
				F466B13525DD7AD6002C315F /* Core */,
			);
			path = Controllers;
			sourceTree = "<group>";
		};
		F466B12325DD78A6002C315F /* Views */ = {
			isa = PBXGroup;
			children = (
				F476E86B25EFC4A40017E097 /* Browse */,
				F466B11825DD7837002C315F /* LaunchScreen.storyboard */,
			);
			path = Views;
			sourceTree = "<group>";
		};
		F466B12425DD78AA002C315F /* Models */ = {
			isa = PBXGroup;
			children = (
				F466B15725DD7B92002C315F /* Playlist.swift */,
				F466B15A25DD7BA6002C315F /* AudioTrack.swift */,
				F466B15D25DD7BB4002C315F /* Artist.swift */,
				F466B16025DD7BBD002C315F /* UserProfile.swift */,
				F4BA3FE025DFC69C00B7540D /* AuthResponse.swift */,
				F4C3F52225E3F07500CD0D62 /* SettingsModels.swift */,
				F4CFDA1725E9304400B83388 /* NewReleaseResponse.swift */,
				F4CFDA1A25E9310C00B83388 /* APIImage.swift */,
				F4CFDA1E25EA46C600B83388 /* FeaturedPlaylistsResponse.swift */,
				F4CFDA2125EA50F200B83388 /* RecommendedGenresResponse.swift */,
				F40E366125EE74FD0091E032 /* RecommendationsResponse.swift */,
			);
			path = Models;
			sourceTree = "<group>";
		};
		F466B12525DD78AE002C315F /* ViewModels */ = {
			isa = PBXGroup;
			children = (
			);
			path = ViewModels;
			sourceTree = "<group>";
		};
		F466B12625DD78B5002C315F /* Managers */ = {
			isa = PBXGroup;
			children = (
				F466B14E25DD7B5E002C315F /* AuthManager.swift */,
				F466B15125DD7B6B002C315F /* APICaller.swift */,
				F466B15425DD7B79002C315F /* HapticsManager.swift */,
			);
			path = Managers;
			sourceTree = "<group>";
		};
		F466B12725DD78BD002C315F /* Resources */ = {
			isa = PBXGroup;
			children = (
				F466B11625DD7837002C315F /* Assets.xcassets */,
				F466B10D25DD7835002C315F /* AppDelegate.swift */,
				F466B10F25DD7835002C315F /* SceneDelegate.swift */,
				F466B16325DE9193002C315F /* Extensions.swift */,
			);
			path = Resources;
			sourceTree = "<group>";
		};
		F466B13525DD7AD6002C315F /* Core */ = {
			isa = PBXGroup;
			children = (
				F466B11125DD7835002C315F /* HomeViewController.swift */,
				F466B12A25DD7AA3002C315F /* TabBarViewController.swift */,
				F466B12E25DD7AC0002C315F /* SearchViewController.swift */,
				F466B13125DD7ACD002C315F /* LibraryViewController.swift */,
			);
			path = Core;
			sourceTree = "<group>";
		};
		F466B13725DD7ADB002C315F /* Other */ = {
			isa = PBXGroup;
			children = (
				F466B13825DD7AEE002C315F /* AuthViewController.swift */,
				F466B13C25DD7AF7002C315F /* WelcomeViewController.swift */,
				F466B13F25DD7B09002C315F /* SettingViewController.swift */,
				F466B14225DD7B14002C315F /* ProfileViewController.swift */,
				F466B14525DD7B1E002C315F /* PlayerViewController.swift */,
				F466B14825DD7B30002C315F /* PlaylistViewController.swift */,
				F466B14B25DD7B42002C315F /* SearchResultViewController.swift */,
			);
			path = Other;
			sourceTree = "<group>";
		};
		F476E86B25EFC4A40017E097 /* Browse */ = {
			isa = PBXGroup;
			children = (
				F476E86C25EFC4C60017E097 /* NewReleaseCollectionViewCell.swift */,
				F476E86F25EFC4ED0017E097 /* FeaturedPlaylistCollectionViewCell.swift */,
				F476E87225EFC5020017E097 /* RecommendedTrackCollectionViewCell.swift */,
			);
			path = Browse;
			sourceTree = "<group>";
		};
/* End PBXGroup section */

/* Begin PBXNativeTarget section */
		F466B10925DD7835002C315F /* SpotifyCopy */ = {
			isa = PBXNativeTarget;
			buildConfigurationList = F466B11E25DD7837002C315F /* Build configuration list for PBXNativeTarget "SpotifyCopy" */;
			buildPhases = (
				B95C2C7F48740E3B980EC0AB /* [CP] Check Pods Manifest.lock */,
				F466B10625DD7835002C315F /* Sources */,
				F466B10725DD7835002C315F /* Frameworks */,
				F466B10825DD7835002C315F /* Resources */,
				DF19146D63D86FAEE79EFDFB /* [CP] Embed Pods Frameworks */,
			);
			buildRules = (
			);
			dependencies = (
			);
			name = SpotifyCopy;
			productName = SpotifyCopy;
			productReference = F466B10A25DD7835002C315F /* SpotifyCopy.app */;
			productType = "com.apple.product-type.application";
		};
/* End PBXNativeTarget section */

/* Begin PBXProject section */
		F466B10225DD7835002C315F /* Project object */ = {
			isa = PBXProject;
			attributes = {
				LastSwiftUpdateCheck = 1240;
				LastUpgradeCheck = 1240;
				TargetAttributes = {
					F466B10925DD7835002C315F = {
						CreatedOnToolsVersion = 12.4;
					};
				};
			};
			buildConfigurationList = F466B10525DD7835002C315F /* Build configuration list for PBXProject "SpotifyCopy" */;
			compatibilityVersion = "Xcode 9.3";
			developmentRegion = en;
			hasScannedForEncodings = 0;
			knownRegions = (
				en,
				Base,
			);
			mainGroup = F466B10125DD7835002C315F;
			productRefGroup = F466B10B25DD7835002C315F /* Products */;
			projectDirPath = "";
			projectRoot = "";
			targets = (
				F466B10925DD7835002C315F /* SpotifyCopy */,
			);
		};
/* End PBXProject section */

/* Begin PBXResourcesBuildPhase section */
		F466B10825DD7835002C315F /* Resources */ = {
			isa = PBXResourcesBuildPhase;
			buildActionMask = 2147483647;
			files = (
				F466B11A25DD7837002C315F /* LaunchScreen.storyboard in Resources */,
				F466B11725DD7837002C315F /* Assets.xcassets in Resources */,
			);
			runOnlyForDeploymentPostprocessing = 0;
		};
/* End PBXResourcesBuildPhase section */

/* Begin PBXShellScriptBuildPhase section */
		B95C2C7F48740E3B980EC0AB /* [CP] Check Pods Manifest.lock */ = {
			isa = PBXShellScriptBuildPhase;
			buildActionMask = 2147483647;
			files = (
			);
			inputFileListPaths = (
			);
			inputPaths = (
				"${PODS_PODFILE_DIR_PATH}/Podfile.lock",
				"${PODS_ROOT}/Manifest.lock",
			);
			name = "[CP] Check Pods Manifest.lock";
			outputFileListPaths = (
			);
			outputPaths = (
				"$(DERIVED_FILE_DIR)/Pods-SpotifyCopy-checkManifestLockResult.txt",
			);
			runOnlyForDeploymentPostprocessing = 0;
			shellPath = /bin/sh;
			shellScript = "diff \"${PODS_PODFILE_DIR_PATH}/Podfile.lock\" \"${PODS_ROOT}/Manifest.lock\" > /dev/null\nif [ $? != 0 ] ; then\n    # print error to STDERR\n    echo \"error: The sandbox is not in sync with the Podfile.lock. Run 'pod install' or update your CocoaPods installation.\" >&2\n    exit 1\nfi\n# This output is used by Xcode 'outputs' to avoid re-running this script phase.\necho \"SUCCESS\" > \"${SCRIPT_OUTPUT_FILE_0}\"\n";
			showEnvVarsInLog = 0;
		};
		DF19146D63D86FAEE79EFDFB /* [CP] Embed Pods Frameworks */ = {
			isa = PBXShellScriptBuildPhase;
			buildActionMask = 2147483647;
			files = (
			);
			inputFileListPaths = (
				"${PODS_ROOT}/Target Support Files/Pods-SpotifyCopy/Pods-SpotifyCopy-frameworks-${CONFIGURATION}-input-files.xcfilelist",
			);
			name = "[CP] Embed Pods Frameworks";
			outputFileListPaths = (
				"${PODS_ROOT}/Target Support Files/Pods-SpotifyCopy/Pods-SpotifyCopy-frameworks-${CONFIGURATION}-output-files.xcfilelist",
			);
			runOnlyForDeploymentPostprocessing = 0;
			shellPath = /bin/sh;
			shellScript = "\"${PODS_ROOT}/Target Support Files/Pods-SpotifyCopy/Pods-SpotifyCopy-frameworks.sh\"\n";
			showEnvVarsInLog = 0;
		};
/* End PBXShellScriptBuildPhase section */

/* Begin PBXSourcesBuildPhase section */
		F466B10625DD7835002C315F /* Sources */ = {
			isa = PBXSourcesBuildPhase;
			buildActionMask = 2147483647;
			files = (
				F466B12F25DD7AC0002C315F /* SearchViewController.swift in Sources */,
				F466B15825DD7B92002C315F /* Playlist.swift in Sources */,
				F466B14F25DD7B5E002C315F /* AuthManager.swift in Sources */,
				F466B13D25DD7AF7002C315F /* WelcomeViewController.swift in Sources */,
				F466B14325DD7B14002C315F /* ProfileViewController.swift in Sources */,
				F466B12B25DD7AA3002C315F /* TabBarViewController.swift in Sources */,
				F466B11225DD7835002C315F /* HomeViewController.swift in Sources */,
				F40E366225EE74FD0091E032 /* RecommendationsResponse.swift in Sources */,
				F476E87325EFC5020017E097 /* RecommendedTrackCollectionViewCell.swift in Sources */,
				F466B15525DD7B79002C315F /* HapticsManager.swift in Sources */,
				F4BA3FE125DFC69C00B7540D /* AuthResponse.swift in Sources */,
				F466B15B25DD7BA6002C315F /* AudioTrack.swift in Sources */,
				F4CFDA1B25E9310C00B83388 /* APIImage.swift in Sources */,
				F466B13925DD7AEE002C315F /* AuthViewController.swift in Sources */,
				F466B14025DD7B09002C315F /* SettingViewController.swift in Sources */,
				F476E86D25EFC4C60017E097 /* NewReleaseCollectionViewCell.swift in Sources */,
				F466B10E25DD7835002C315F /* AppDelegate.swift in Sources */,
				F476E87025EFC4EE0017E097 /* FeaturedPlaylistCollectionViewCell.swift in Sources */,
				F466B16125DD7BBD002C315F /* UserProfile.swift in Sources */,
				F466B16425DE9193002C315F /* Extensions.swift in Sources */,
				F466B14925DD7B30002C315F /* PlaylistViewController.swift in Sources */,
				F466B15E25DD7BB4002C315F /* Artist.swift in Sources */,
				F4C3F52325E3F07500CD0D62 /* SettingsModels.swift in Sources */,
				F466B13225DD7ACD002C315F /* LibraryViewController.swift in Sources */,
				F466B14625DD7B1E002C315F /* PlayerViewController.swift in Sources */,
				F466B14C25DD7B42002C315F /* SearchResultViewController.swift in Sources */,
				F4CFDA1825E9304400B83388 /* NewReleaseResponse.swift in Sources */,
				F466B15225DD7B6B002C315F /* APICaller.swift in Sources */,
				F4CFDA1F25EA46C600B83388 /* FeaturedPlaylistsResponse.swift in Sources */,
				F466B11025DD7835002C315F /* SceneDelegate.swift in Sources */,
				F4CFDA2225EA50F200B83388 /* RecommendedGenresResponse.swift in Sources */,
			);
			runOnlyForDeploymentPostprocessing = 0;
		};
/* End PBXSourcesBuildPhase section */

/* Begin PBXVariantGroup section */
		F466B11825DD7837002C315F /* LaunchScreen.storyboard */ = {
			isa = PBXVariantGroup;
			children = (
				F466B11925DD7837002C315F /* Base */,
			);
			name = LaunchScreen.storyboard;
			sourceTree = "<group>";
		};
/* End PBXVariantGroup section */

/* Begin XCBuildConfiguration section */
		F466B11C25DD7837002C315F /* Debug */ = {
			isa = XCBuildConfiguration;
			buildSettings = {
				ALWAYS_SEARCH_USER_PATHS = NO;
				CLANG_ANALYZER_NONNULL = YES;
				CLANG_ANALYZER_NUMBER_OBJECT_CONVERSION = YES_AGGRESSIVE;
				CLANG_CXX_LANGUAGE_STANDARD = "gnu++14";
				CLANG_CXX_LIBRARY = "libc++";
				CLANG_ENABLE_MODULES = YES;
				CLANG_ENABLE_OBJC_ARC = YES;
				CLANG_ENABLE_OBJC_WEAK = YES;
				CLANG_WARN_BLOCK_CAPTURE_AUTORELEASING = YES;
				CLANG_WARN_BOOL_CONVERSION = YES;
				CLANG_WARN_COMMA = YES;
				CLANG_WARN_CONSTANT_CONVERSION = YES;
				CLANG_WARN_DEPRECATED_OBJC_IMPLEMENTATIONS = YES;
				CLANG_WARN_DIRECT_OBJC_ISA_USAGE = YES_ERROR;
				CLANG_WARN_DOCUMENTATION_COMMENTS = YES;
				CLANG_WARN_EMPTY_BODY = YES;
				CLANG_WARN_ENUM_CONVERSION = YES;
				CLANG_WARN_INFINITE_RECURSION = YES;
				CLANG_WARN_INT_CONVERSION = YES;
				CLANG_WARN_NON_LITERAL_NULL_CONVERSION = YES;
				CLANG_WARN_OBJC_IMPLICIT_RETAIN_SELF = YES;
				CLANG_WARN_OBJC_LITERAL_CONVERSION = YES;
				CLANG_WARN_OBJC_ROOT_CLASS = YES_ERROR;
				CLANG_WARN_QUOTED_INCLUDE_IN_FRAMEWORK_HEADER = YES;
				CLANG_WARN_RANGE_LOOP_ANALYSIS = YES;
				CLANG_WARN_STRICT_PROTOTYPES = YES;
				CLANG_WARN_SUSPICIOUS_MOVE = YES;
				CLANG_WARN_UNGUARDED_AVAILABILITY = YES_AGGRESSIVE;
				CLANG_WARN_UNREACHABLE_CODE = YES;
				CLANG_WARN__DUPLICATE_METHOD_MATCH = YES;
				COPY_PHASE_STRIP = NO;
				DEBUG_INFORMATION_FORMAT = dwarf;
				ENABLE_STRICT_OBJC_MSGSEND = YES;
				ENABLE_TESTABILITY = YES;
				GCC_C_LANGUAGE_STANDARD = gnu11;
				GCC_DYNAMIC_NO_PIC = NO;
				GCC_NO_COMMON_BLOCKS = YES;
				GCC_OPTIMIZATION_LEVEL = 0;
				GCC_PREPROCESSOR_DEFINITIONS = (
					"DEBUG=1",
					"$(inherited)",
				);
				GCC_WARN_64_TO_32_BIT_CONVERSION = YES;
				GCC_WARN_ABOUT_RETURN_TYPE = YES_ERROR;
				GCC_WARN_UNDECLARED_SELECTOR = YES;
				GCC_WARN_UNINITIALIZED_AUTOS = YES_AGGRESSIVE;
				GCC_WARN_UNUSED_FUNCTION = YES;
				GCC_WARN_UNUSED_VARIABLE = YES;
				IPHONEOS_DEPLOYMENT_TARGET = 14.4;
				MTL_ENABLE_DEBUG_INFO = INCLUDE_SOURCE;
				MTL_FAST_MATH = YES;
				ONLY_ACTIVE_ARCH = YES;
				SDKROOT = iphoneos;
				SWIFT_ACTIVE_COMPILATION_CONDITIONS = DEBUG;
				SWIFT_OPTIMIZATION_LEVEL = "-Onone";
			};
			name = Debug;
		};
		F466B11D25DD7837002C315F /* Release */ = {
			isa = XCBuildConfiguration;
			buildSettings = {
				ALWAYS_SEARCH_USER_PATHS = NO;
				CLANG_ANALYZER_NONNULL = YES;
				CLANG_ANALYZER_NUMBER_OBJECT_CONVERSION = YES_AGGRESSIVE;
				CLANG_CXX_LANGUAGE_STANDARD = "gnu++14";
				CLANG_CXX_LIBRARY = "libc++";
				CLANG_ENABLE_MODULES = YES;
				CLANG_ENABLE_OBJC_ARC = YES;
				CLANG_ENABLE_OBJC_WEAK = YES;
				CLANG_WARN_BLOCK_CAPTURE_AUTORELEASING = YES;
				CLANG_WARN_BOOL_CONVERSION = YES;
				CLANG_WARN_COMMA = YES;
				CLANG_WARN_CONSTANT_CONVERSION = YES;
				CLANG_WARN_DEPRECATED_OBJC_IMPLEMENTATIONS = YES;
				CLANG_WARN_DIRECT_OBJC_ISA_USAGE = YES_ERROR;
				CLANG_WARN_DOCUMENTATION_COMMENTS = YES;
				CLANG_WARN_EMPTY_BODY = YES;
				CLANG_WARN_ENUM_CONVERSION = YES;
				CLANG_WARN_INFINITE_RECURSION = YES;
				CLANG_WARN_INT_CONVERSION = YES;
				CLANG_WARN_NON_LITERAL_NULL_CONVERSION = YES;
				CLANG_WARN_OBJC_IMPLICIT_RETAIN_SELF = YES;
				CLANG_WARN_OBJC_LITERAL_CONVERSION = YES;
				CLANG_WARN_OBJC_ROOT_CLASS = YES_ERROR;
				CLANG_WARN_QUOTED_INCLUDE_IN_FRAMEWORK_HEADER = YES;
				CLANG_WARN_RANGE_LOOP_ANALYSIS = YES;
				CLANG_WARN_STRICT_PROTOTYPES = YES;
				CLANG_WARN_SUSPICIOUS_MOVE = YES;
				CLANG_WARN_UNGUARDED_AVAILABILITY = YES_AGGRESSIVE;
				CLANG_WARN_UNREACHABLE_CODE = YES;
				CLANG_WARN__DUPLICATE_METHOD_MATCH = YES;
				COPY_PHASE_STRIP = NO;
				DEBUG_INFORMATION_FORMAT = "dwarf-with-dsym";
				ENABLE_NS_ASSERTIONS = NO;
				ENABLE_STRICT_OBJC_MSGSEND = YES;
				GCC_C_LANGUAGE_STANDARD = gnu11;
				GCC_NO_COMMON_BLOCKS = YES;
				GCC_WARN_64_TO_32_BIT_CONVERSION = YES;
				GCC_WARN_ABOUT_RETURN_TYPE = YES_ERROR;
				GCC_WARN_UNDECLARED_SELECTOR = YES;
				GCC_WARN_UNINITIALIZED_AUTOS = YES_AGGRESSIVE;
				GCC_WARN_UNUSED_FUNCTION = YES;
				GCC_WARN_UNUSED_VARIABLE = YES;
				IPHONEOS_DEPLOYMENT_TARGET = 14.4;
				MTL_ENABLE_DEBUG_INFO = NO;
				MTL_FAST_MATH = YES;
				SDKROOT = iphoneos;
				SWIFT_COMPILATION_MODE = wholemodule;
				SWIFT_OPTIMIZATION_LEVEL = "-O";
				VALIDATE_PRODUCT = YES;
			};
			name = Release;
		};
		F466B11F25DD7837002C315F /* Debug */ = {
			isa = XCBuildConfiguration;
			baseConfigurationReference = E8218C527D7550CDB3605143 /* Pods-SpotifyCopy.debug.xcconfig */;
			buildSettings = {
				ASSETCATALOG_COMPILER_APPICON_NAME = AppIcon;
				ASSETCATALOG_COMPILER_GLOBAL_ACCENT_COLOR_NAME = AccentColor;
				CODE_SIGN_IDENTITY = "Apple Development";
				CODE_SIGN_STYLE = Automatic;
				DEVELOPMENT_TEAM = 5K3J6VS4VX;
				INFOPLIST_FILE = SpotifyCopy/Info.plist;
				LD_RUNPATH_SEARCH_PATHS = (
					"$(inherited)",
					"@executable_path/Frameworks",
				);
				PRODUCT_BUNDLE_IDENTIFIER = com.chanwoong.SpotifyCopy;
				PRODUCT_NAME = "$(TARGET_NAME)";
				PROVISIONING_PROFILE_SPECIFIER = "";
				SWIFT_VERSION = 5.0;
				TARGETED_DEVICE_FAMILY = "1,2";
			};
			name = Debug;
		};
		F466B12025DD7837002C315F /* Release */ = {
			isa = XCBuildConfiguration;
			baseConfigurationReference = E056DCB2B1A54F1FABACF479 /* Pods-SpotifyCopy.release.xcconfig */;
			buildSettings = {
				ASSETCATALOG_COMPILER_APPICON_NAME = AppIcon;
				ASSETCATALOG_COMPILER_GLOBAL_ACCENT_COLOR_NAME = AccentColor;
				CODE_SIGN_IDENTITY = "Apple Development";
				CODE_SIGN_STYLE = Automatic;
				DEVELOPMENT_TEAM = 5K3J6VS4VX;
				INFOPLIST_FILE = SpotifyCopy/Info.plist;
				LD_RUNPATH_SEARCH_PATHS = (
					"$(inherited)",
					"@executable_path/Frameworks",
				);
				PRODUCT_BUNDLE_IDENTIFIER = com.chanwoong.SpotifyCopy;
				PRODUCT_NAME = "$(TARGET_NAME)";
				PROVISIONING_PROFILE_SPECIFIER = "";
				SWIFT_VERSION = 5.0;
				TARGETED_DEVICE_FAMILY = "1,2";
			};
			name = Release;
		};
/* End XCBuildConfiguration section */

/* Begin XCConfigurationList section */
		F466B10525DD7835002C315F /* Build configuration list for PBXProject "SpotifyCopy" */ = {
			isa = XCConfigurationList;
			buildConfigurations = (
				F466B11C25DD7837002C315F /* Debug */,
				F466B11D25DD7837002C315F /* Release */,
			);
			defaultConfigurationIsVisible = 0;
			defaultConfigurationName = Release;
		};
		F466B11E25DD7837002C315F /* Build configuration list for PBXNativeTarget "SpotifyCopy" */ = {
			isa = XCConfigurationList;
			buildConfigurations = (
				F466B11F25DD7837002C315F /* Debug */,
				F466B12025DD7837002C315F /* Release */,
			);
			defaultConfigurationIsVisible = 0;
			defaultConfigurationName = Release;
		};
/* End XCConfigurationList section */
	};
	rootObject = F466B10225DD7835002C315F /* Project object */;
}
